PODS:
  - Base64 (1.1.2)
  - JWT (2.2.0):
    - Base64 (~> 1.1.2)

DEPENDENCIES:
  - JWT

SPEC REPOS:
  https://github.com/cocoapods/specs.git:
    - Base64
    - JWT

SPEC CHECKSUMS:
  Base64: cecfb41a004124895a7bcee567a89bae5a89d49b
  JWT: cf73c0ab0dac762df3de8a3f1164352089d97780

PODFILE CHECKSUM: e9783c4bc90d9005b72e35d8ee6e4846d8ac6a5a

COCOAPODS: 1.7.5
