// !$*UTF8*$!
{
	archiveVersion = 1;
	classes = {
	};
	objectVersion = 46;
	objects = {

/* Begin PBXBuildFile section */
		8538E5661EF1809800F82E1D /* DataForwarder.swift in Sources */ = {isa = PBXBuildFile; fileRef = 8538E5651EF1809700F82E1D /* DataForwarder.swift */; };
		853DEFB21F2260B600BEDE1D /* PrinterViewController.swift in Sources */ = {isa = PBXBuildFile; fileRef = 853DEFB11F2260B600BEDE1D /* PrinterViewController.swift */; };
		858988BD1EAE208A00AF2024 /* DLog.swift in Sources */ = {isa = PBXBuildFile; fileRef = 858988BC1EAE208A00AF2024 /* DLog.swift */; };
		85CCB4141F22649C0088BD5D /* sampleBarcode.png in Resources */ = {isa = PBXBuildFile; fileRef = 85CCB4131F22649C0088BD5D /* sampleBarcode.png */; };
		85DDE7081EEB171500700EFC /* Certificates in Resources */ = {isa = PBXBuildFile; fileRef = 85DDE7071EEB171500700EFC /* Certificates */; };
		BC174CC81F02DDA4005FBA9A /* CFNetwork.framework in Frameworks */ = {isa = PBXBuildFile; fileRef = BC174CC71F02DDA4005FBA9A /* CFNetwork.framework */; };
		BC174CCA1F02DDB0005FBA9A /* Foundation.framework in Frameworks */ = {isa = PBXBuildFile; fileRef = BC174CC91F02DDB0005FBA9A /* Foundation.framework */; };
		BC174CCC1F02DDC1005FBA9A /* libicucore.tbd in Frameworks */ = {isa = PBXBuildFile; fileRef = BC174CCB1F02DDC1005FBA9A /* libicucore.tbd */; };
		BC174CCE1F02DDCA005FBA9A /* Security.framework in Frameworks */ = {isa = PBXBuildFile; fileRef = BC174CCD1F02DDCA005FBA9A /* Security.framework */; };
		BC174CD01F02DDD2005FBA9A /* SystemConfiguration.framework in Frameworks */ = {isa = PBXBuildFile; fileRef = BC174CCF1F02DDD2005FBA9A /* SystemConfiguration.framework */; };
		BC174CD21F02DDDB005FBA9A /* UIKit.framework in Frameworks */ = {isa = PBXBuildFile; fileRef = BC174CD11F02DDDB005FBA9A /* UIKit.framework */; };
		BC174CD61F04254C005FBA9A /* libHeap.a in Frameworks */ = {isa = PBXBuildFile; fileRef = BC174CD51F04254C005FBA9A /* libHeap.a */; };
		BC22EE621E203A8300C3F597 /* LOCN.json in Resources */ = {isa = PBXBuildFile; fileRef = BC22EE611E203A8300C3F597 /* LOCN.json */; };
		BC22EE641E203D9600C3F597 /* Locn.swift in Sources */ = {isa = PBXBuildFile; fileRef = BC22EE631E203D9600C3F597 /* Locn.swift */; };
		BC25B5151F27B8BE0028E81F /* default.html in Resources */ = {isa = PBXBuildFile; fileRef = BC25B5141F27B8BE0028E81F /* default.html */; };
		BC484D9B1E854B820057610A /* CrashReporter.framework in Frameworks */ = {isa = PBXBuildFile; fileRef = BC484D9A1E854B820057610A /* CrashReporter.framework */; };
		BC534AB71DFF179200C65BAC /* ZebraBluetooth.swift in Sources */ = {isa = PBXBuildFile; fileRef = BC534AB41DFF179200C65BAC /* ZebraBluetooth.swift */; };
		BC534AB81DFF179200C65BAC /* ZPLConnector.mm in Sources */ = {isa = PBXBuildFile; fileRef = BC534AB61DFF179200C65BAC /* ZPLConnector.mm */; };
		BC534ABA1DFF17E200C65BAC /* LoggingRequest.swift in Sources */ = {isa = PBXBuildFile; fileRef = BC534AB91DFF17E200C65BAC /* LoggingRequest.swift */; };
		BC534ABC1E018BD800C65BAC /* LogAnalyticsRequest.swift in Sources */ = {isa = PBXBuildFile; fileRef = BC534ABB1E018BD800C65BAC /* LogAnalyticsRequest.swift */; };
		BC534ABE1E01976300C65BAC /* logAnalytics.json in Resources */ = {isa = PBXBuildFile; fileRef = BC534ABD1E01976300C65BAC /* logAnalytics.json */; };
		BC7461E71E40E5B700F4A359 /* Cobranding.png in Resources */ = {isa = PBXBuildFile; fileRef = BC7461E51E40E59400F4A359 /* Cobranding.png */; };
		BCB0EBA81DDE667300E6A3F7 /* libdtdev.a in Frameworks */ = {isa = PBXBuildFile; fileRef = BCB0EBA71DDE667300E6A3F7 /* libdtdev.a */; };
		BCD6982B1DB7C34600F856CE /* icons in Resources */ = {isa = PBXBuildFile; fileRef = BCD6982A1DB7C34600F856CE /* icons */; };
		BCE513561F1D0EA40060CAB8 /* Utils.swift in Sources */ = {isa = PBXBuildFile; fileRef = BCE513551F1D0EA40060CAB8 /* Utils.swift */; };
		CC14AF421DB56F93007208F7 /* sso in Resources */ = {isa = PBXBuildFile; fileRef = CC14AF411DB56F93007208F7 /* sso */; };
		CC21C0491E16A332006CD57B /* ESPRequest.swift in Sources */ = {isa = PBXBuildFile; fileRef = CC21C0481E16A332006CD57B /* ESPRequest.swift */; };
		CC2585611D9AF71C00294506 /* AppDelegate.swift in Sources */ = {isa = PBXBuildFile; fileRef = CC2585601D9AF71C00294506 /* AppDelegate.swift */; };
		CC2585631D9AF71C00294506 /* ViewController.swift in Sources */ = {isa = PBXBuildFile; fileRef = CC2585621D9AF71C00294506 /* ViewController.swift */; };
		CC2585661D9AF71C00294506 /* Main.storyboard in Resources */ = {isa = PBXBuildFile; fileRef = CC2585641D9AF71C00294506 /* Main.storyboard */; };
		CC2585691D9AF71C00294506 /* HAL_iOS.xcdatamodeld in Sources */ = {isa = PBXBuildFile; fileRef = CC2585671D9AF71C00294506 /* HAL_iOS.xcdatamodeld */; };
		CC25856B1D9AF71C00294506 /* Assets.xcassets in Resources */ = {isa = PBXBuildFile; fileRef = CC25856A1D9AF71C00294506 /* Assets.xcassets */; };
		CC25856E1D9AF71C00294506 /* LaunchScreen.storyboard in Resources */ = {isa = PBXBuildFile; fileRef = CC25856C1D9AF71C00294506 /* LaunchScreen.storyboard */; };
		CC2585791D9AF71C00294506 /* HAL_iOSTests.swift in Sources */ = {isa = PBXBuildFile; fileRef = CC2585781D9AF71C00294506 /* HAL_iOSTests.swift */; };
		CC2585841D9AF71C00294506 /* HAL_iOSUITests.swift in Sources */ = {isa = PBXBuildFile; fileRef = CC2585831D9AF71C00294506 /* HAL_iOSUITests.swift */; };
		CC41EF2E1DB54D6B0059C7C5 /* AssociateInfo.swift in Sources */ = {isa = PBXBuildFile; fileRef = CC41EF251DB54D6B0059C7C5 /* AssociateInfo.swift */; };
		CC41EF2F1DB54D6B0059C7C5 /* CommonUtils.swift in Sources */ = {isa = PBXBuildFile; fileRef = CC41EF261DB54D6B0059C7C5 /* CommonUtils.swift */; };
		CC41EF301DB54D6B0059C7C5 /* Error.swift in Sources */ = {isa = PBXBuildFile; fileRef = CC41EF271DB54D6B0059C7C5 /* Error.swift */; };
		CC41EF321DB54D6B0059C7C5 /* Json4Swift_Base.swift in Sources */ = {isa = PBXBuildFile; fileRef = CC41EF291DB54D6B0059C7C5 /* Json4Swift_Base.swift */; };
		CC41EF341DB54D6B0059C7C5 /* SSORequest.swift in Sources */ = {isa = PBXBuildFile; fileRef = CC41EF2B1DB54D6B0059C7C5 /* SSORequest.swift */; };
		CC41EF361DB54D6B0059C7C5 /* ssosuccess.json in Resources */ = {isa = PBXBuildFile; fileRef = CC41EF2D1DB54D6B0059C7C5 /* ssosuccess.json */; };
		CC41EF381DB54E070059C7C5 /* SwiftyJSON.swift in Sources */ = {isa = PBXBuildFile; fileRef = CC41EF371DB54E070059C7C5 /* SwiftyJSON.swift */; };
		CC50DB261DCA21AF00A46576 /* Sled.swift in Sources */ = {isa = PBXBuildFile; fileRef = CC50DB251DCA21AF00A46576 /* Sled.swift */; };
		CC6EEEAE1DBFE374003D895B /* ExternalAccessory.framework in Frameworks */ = {isa = PBXBuildFile; fileRef = CC6EEEAD1DBFE374003D895B /* ExternalAccessory.framework */; };
		CC837B561E08341B00A14ECB /* KeychainItemAccessibility.swift in Sources */ = {isa = PBXBuildFile; fileRef = CC837B541E08341B00A14ECB /* KeychainItemAccessibility.swift */; };
		CC837B571E08341B00A14ECB /* KeychainWrapper.swift in Sources */ = {isa = PBXBuildFile; fileRef = CC837B551E08341B00A14ECB /* KeychainWrapper.swift */; };
		CC837B5D1E083B4B00A14ECB /* HALApi in Resources */ = {isa = PBXBuildFile; fileRef = CC837B5C1E083B4B00A14ECB /* HALApi */; };
		CC8872EE1DDE3A930042F089 /* HALApplication.swift in Sources */ = {isa = PBXBuildFile; fileRef = CC8872EC1DDE3A930042F089 /* HALApplication.swift */; };
		CC8872EF1DDE3A930042F089 /* main.swift in Sources */ = {isa = PBXBuildFile; fileRef = CC8872ED1DDE3A930042F089 /* main.swift */; };
		CCB404921D9D82C600A314FC /* Assembly.swift in Sources */ = {isa = PBXBuildFile; fileRef = CCB404911D9D82C600A314FC /* Assembly.swift */; };
		CCDDD15F1E1D828A00B2B6F1 /* logAnalyticsIncorrectData.json in Resources */ = {isa = PBXBuildFile; fileRef = CCDDD15E1E1D828A00B2B6F1 /* logAnalyticsIncorrectData.json */; };
		CCE9D9C01E00AD2200F0814B /* logAnalytics.json in Resources */ = {isa = PBXBuildFile; fileRef = CCE9D9BF1E00AD2200F0814B /* logAnalytics.json */; };
		CCF7E0AB1DD395D1007C4010 /* SharedContainer.swift in Sources */ = {isa = PBXBuildFile; fileRef = CCF7E0AA1DD395D1007C4010 /* SharedContainer.swift */; };
/* End PBXBuildFile section */

/* Begin PBXContainerItemProxy section */
		CC2585751D9AF71C00294506 /* PBXContainerItemProxy */ = {
			isa = PBXContainerItemProxy;
			containerPortal = CC2585551D9AF71B00294506 /* Project object */;
			proxyType = 1;
			remoteGlobalIDString = CC25855C1D9AF71C00294506;
			remoteInfo = "HAL-iOS";
		};
		CC2585801D9AF71C00294506 /* PBXContainerItemProxy */ = {
			isa = PBXContainerItemProxy;
			containerPortal = CC2585551D9AF71B00294506 /* Project object */;
			proxyType = 1;
			remoteGlobalIDString = CC25855C1D9AF71C00294506;
			remoteInfo = "HAL-iOS";
		};
/* End PBXContainerItemProxy section */

/* Begin PBXFileReference section */
		8538E5651EF1809700F82E1D /* DataForwarder.swift */ = {isa = PBXFileReference; fileEncoding = 4; lastKnownFileType = sourcecode.swift; path = DataForwarder.swift; sourceTree = "<group>"; };
		853DEFB11F2260B600BEDE1D /* PrinterViewController.swift */ = {isa = PBXFileReference; fileEncoding = 4; lastKnownFileType = sourcecode.swift; path = PrinterViewController.swift; sourceTree = "<group>"; };
		858988BC1EAE208A00AF2024 /* DLog.swift */ = {isa = PBXFileReference; fileEncoding = 4; lastKnownFileType = sourcecode.swift; path = DLog.swift; sourceTree = "<group>"; };
		85CCB4131F22649C0088BD5D /* sampleBarcode.png */ = {isa = PBXFileReference; lastKnownFileType = image.png; name = sampleBarcode.png; path = "Project Files/sampleBarcode.png"; sourceTree = "<group>"; };
		85DDE7071EEB171500700EFC /* Certificates */ = {isa = PBXFileReference; lastKnownFileType = folder; path = Certificates; sourceTree = "<group>"; };
		BC174CC71F02DDA4005FBA9A /* CFNetwork.framework */ = {isa = PBXFileReference; lastKnownFileType = wrapper.framework; name = CFNetwork.framework; path = System/Library/Frameworks/CFNetwork.framework; sourceTree = SDKROOT; };
		BC174CC91F02DDB0005FBA9A /* Foundation.framework */ = {isa = PBXFileReference; lastKnownFileType = wrapper.framework; name = Foundation.framework; path = System/Library/Frameworks/Foundation.framework; sourceTree = SDKROOT; };
		BC174CCB1F02DDC1005FBA9A /* libicucore.tbd */ = {isa = PBXFileReference; lastKnownFileType = "sourcecode.text-based-dylib-definition"; name = libicucore.tbd; path = usr/lib/libicucore.tbd; sourceTree = SDKROOT; };
		BC174CCD1F02DDCA005FBA9A /* Security.framework */ = {isa = PBXFileReference; lastKnownFileType = wrapper.framework; name = Security.framework; path = System/Library/Frameworks/Security.framework; sourceTree = SDKROOT; };
		BC174CCF1F02DDD2005FBA9A /* SystemConfiguration.framework */ = {isa = PBXFileReference; lastKnownFileType = wrapper.framework; name = SystemConfiguration.framework; path = System/Library/Frameworks/SystemConfiguration.framework; sourceTree = SDKROOT; };
		BC174CD11F02DDDB005FBA9A /* UIKit.framework */ = {isa = PBXFileReference; lastKnownFileType = wrapper.framework; name = UIKit.framework; path = System/Library/Frameworks/UIKit.framework; sourceTree = SDKROOT; };
		BC174CD41F04254C005FBA9A /* Heap.h */ = {isa = PBXFileReference; fileEncoding = 4; lastKnownFileType = sourcecode.c.h; name = Heap.h; path = "HAL-iOS/Heap/Heap.h"; sourceTree = "<group>"; };
		BC174CD51F04254C005FBA9A /* libHeap.a */ = {isa = PBXFileReference; lastKnownFileType = archive.ar; name = libHeap.a; path = "HAL-iOS/Heap/libHeap.a"; sourceTree = "<group>"; };
		BC22EE611E203A8300C3F597 /* LOCN.json */ = {isa = PBXFileReference; fileEncoding = 4; lastKnownFileType = text.json; name = LOCN.json; path = "Project Files/LOCN.json"; sourceTree = "<group>"; };
		BC22EE631E203D9600C3F597 /* Locn.swift */ = {isa = PBXFileReference; fileEncoding = 4; lastKnownFileType = sourcecode.swift; path = Locn.swift; sourceTree = "<group>"; };
		BC25B5141F27B8BE0028E81F /* default.html */ = {isa = PBXFileReference; fileEncoding = 4; lastKnownFileType = text.html; path = default.html; sourceTree = "<group>"; };
		BC484D9A1E854B820057610A /* CrashReporter.framework */ = {isa = PBXFileReference; lastKnownFileType = wrapper.framework; name = CrashReporter.framework; path = "HAL-iOS/CrashReporter.framework"; sourceTree = "<group>"; };
		BC534AB41DFF179200C65BAC /* ZebraBluetooth.swift */ = {isa = PBXFileReference; fileEncoding = 4; lastKnownFileType = sourcecode.swift; path = ZebraBluetooth.swift; sourceTree = "<group>"; };
		BC534AB51DFF179200C65BAC /* ZPLConnector.h */ = {isa = PBXFileReference; fileEncoding = 4; lastKnownFileType = sourcecode.c.h; path = ZPLConnector.h; sourceTree = "<group>"; };
		BC534AB61DFF179200C65BAC /* ZPLConnector.mm */ = {isa = PBXFileReference; fileEncoding = 4; lastKnownFileType = sourcecode.cpp.objcpp; path = ZPLConnector.mm; sourceTree = "<group>"; };
		BC534AB91DFF17E200C65BAC /* LoggingRequest.swift */ = {isa = PBXFileReference; fileEncoding = 4; lastKnownFileType = sourcecode.swift; path = LoggingRequest.swift; sourceTree = "<group>"; };
		BC534ABB1E018BD800C65BAC /* LogAnalyticsRequest.swift */ = {isa = PBXFileReference; fileEncoding = 4; lastKnownFileType = sourcecode.swift; path = LogAnalyticsRequest.swift; sourceTree = "<group>"; };
		BC534ABD1E01976300C65BAC /* logAnalytics.json */ = {isa = PBXFileReference; fileEncoding = 4; lastKnownFileType = text.json; path = logAnalytics.json; sourceTree = "<group>"; };
		BC7461E51E40E59400F4A359 /* Cobranding.png */ = {isa = PBXFileReference; lastKnownFileType = image.png; name = Cobranding.png; path = "Project Files/splah images/Cobranding.png"; sourceTree = "<group>"; };
		BCB0EBA51DDE666200E6A3F7 /* DTDevices.h */ = {isa = PBXFileReference; fileEncoding = 4; lastKnownFileType = sourcecode.c.h; name = DTDevices.h; path = sled/DTDevices.h; sourceTree = "<group>"; };
		BCB0EBA61DDE666C00E6A3F7 /* HAL-iOS-Bridging-Header.h */ = {isa = PBXFileReference; fileEncoding = 4; lastKnownFileType = sourcecode.c.h; name = "HAL-iOS-Bridging-Header.h"; path = "sled/HAL-iOS-Bridging-Header.h"; sourceTree = "<group>"; };
		BCB0EBA71DDE667300E6A3F7 /* libdtdev.a */ = {isa = PBXFileReference; lastKnownFileType = archive.ar; name = libdtdev.a; path = sled/libdtdev.a; sourceTree = "<group>"; };
		BCD6982A1DB7C34600F856CE /* icons */ = {isa = PBXFileReference; lastKnownFileType = folder; name = icons; path = "Project Files/icons"; sourceTree = "<group>"; };
		BCE513551F1D0EA40060CAB8 /* Utils.swift */ = {isa = PBXFileReference; fileEncoding = 4; lastKnownFileType = sourcecode.swift; name = Utils.swift; path = sled/Utils.swift; sourceTree = "<group>"; };
		CC14AF411DB56F93007208F7 /* sso */ = {isa = PBXFileReference; lastKnownFileType = folder; name = sso; path = "Git Projects/sso"; sourceTree = "<group>"; };
		CC21C0481E16A332006CD57B /* ESPRequest.swift */ = {isa = PBXFileReference; fileEncoding = 4; lastKnownFileType = sourcecode.swift; path = ESPRequest.swift; sourceTree = "<group>"; };
		CC25855D1D9AF71C00294506 /* HAL-iOS.app */ = {isa = PBXFileReference; explicitFileType = wrapper.application; includeInIndex = 0; path = "HAL-iOS.app"; sourceTree = BUILT_PRODUCTS_DIR; };
		CC2585601D9AF71C00294506 /* AppDelegate.swift */ = {isa = PBXFileReference; lastKnownFileType = sourcecode.swift; path = AppDelegate.swift; sourceTree = "<group>"; };
		CC2585621D9AF71C00294506 /* ViewController.swift */ = {isa = PBXFileReference; lastKnownFileType = sourcecode.swift; path = ViewController.swift; sourceTree = "<group>"; };
		CC2585651D9AF71C00294506 /* Base */ = {isa = PBXFileReference; lastKnownFileType = file.storyboard; name = Base; path = Base.lproj/Main.storyboard; sourceTree = "<group>"; };
		CC2585681D9AF71C00294506 /* HAL_iOS.xcdatamodel */ = {isa = PBXFileReference; lastKnownFileType = wrapper.xcdatamodel; path = HAL_iOS.xcdatamodel; sourceTree = "<group>"; };
		CC25856A1D9AF71C00294506 /* Assets.xcassets */ = {isa = PBXFileReference; lastKnownFileType = folder.assetcatalog; path = Assets.xcassets; sourceTree = "<group>"; };
		CC25856D1D9AF71C00294506 /* Base */ = {isa = PBXFileReference; lastKnownFileType = file.storyboard; name = Base; path = Base.lproj/LaunchScreen.storyboard; sourceTree = "<group>"; };
		CC25856F1D9AF71C00294506 /* Info.plist */ = {isa = PBXFileReference; lastKnownFileType = text.plist.xml; path = Info.plist; sourceTree = "<group>"; };
		CC2585741D9AF71C00294506 /* HAL-iOSTests.xctest */ = {isa = PBXFileReference; explicitFileType = wrapper.cfbundle; includeInIndex = 0; path = "HAL-iOSTests.xctest"; sourceTree = BUILT_PRODUCTS_DIR; };
		CC2585781D9AF71C00294506 /* HAL_iOSTests.swift */ = {isa = PBXFileReference; lastKnownFileType = sourcecode.swift; path = HAL_iOSTests.swift; sourceTree = "<group>"; };
		CC25857A1D9AF71C00294506 /* Info.plist */ = {isa = PBXFileReference; lastKnownFileType = text.plist.xml; path = Info.plist; sourceTree = "<group>"; };
		CC25857F1D9AF71C00294506 /* HAL-iOSUITests.xctest */ = {isa = PBXFileReference; explicitFileType = wrapper.cfbundle; includeInIndex = 0; path = "HAL-iOSUITests.xctest"; sourceTree = BUILT_PRODUCTS_DIR; };
		CC2585831D9AF71C00294506 /* HAL_iOSUITests.swift */ = {isa = PBXFileReference; lastKnownFileType = sourcecode.swift; path = HAL_iOSUITests.swift; sourceTree = "<group>"; };
		CC2585851D9AF71C00294506 /* Info.plist */ = {isa = PBXFileReference; lastKnownFileType = text.plist.xml; path = Info.plist; sourceTree = "<group>"; };
		CC41EF251DB54D6B0059C7C5 /* AssociateInfo.swift */ = {isa = PBXFileReference; fileEncoding = 4; lastKnownFileType = sourcecode.swift; path = AssociateInfo.swift; sourceTree = "<group>"; };
		CC41EF261DB54D6B0059C7C5 /* CommonUtils.swift */ = {isa = PBXFileReference; fileEncoding = 4; lastKnownFileType = sourcecode.swift; path = CommonUtils.swift; sourceTree = "<group>"; };
		CC41EF271DB54D6B0059C7C5 /* Error.swift */ = {isa = PBXFileReference; fileEncoding = 4; lastKnownFileType = sourcecode.swift; path = Error.swift; sourceTree = "<group>"; };
		CC41EF291DB54D6B0059C7C5 /* Json4Swift_Base.swift */ = {isa = PBXFileReference; fileEncoding = 4; lastKnownFileType = sourcecode.swift; path = Json4Swift_Base.swift; sourceTree = "<group>"; };
		CC41EF2B1DB54D6B0059C7C5 /* SSORequest.swift */ = {isa = PBXFileReference; fileEncoding = 4; lastKnownFileType = sourcecode.swift; path = SSORequest.swift; sourceTree = "<group>"; };
		CC41EF2D1DB54D6B0059C7C5 /* ssosuccess.json */ = {isa = PBXFileReference; fileEncoding = 4; lastKnownFileType = text.json; path = ssosuccess.json; sourceTree = "<group>"; };
		CC41EF371DB54E070059C7C5 /* SwiftyJSON.swift */ = {isa = PBXFileReference; fileEncoding = 4; lastKnownFileType = sourcecode.swift; path = SwiftyJSON.swift; sourceTree = "<group>"; };
		CC43DCB41DD39AD000CC4BD2 /* HAL-iOS.entitlements */ = {isa = PBXFileReference; lastKnownFileType = text.plist.entitlements; path = "HAL-iOS.entitlements"; sourceTree = "<group>"; };
		CC50DB251DCA21AF00A46576 /* Sled.swift */ = {isa = PBXFileReference; fileEncoding = 4; lastKnownFileType = sourcecode.swift; path = Sled.swift; sourceTree = "<group>"; };
		CC6EEEAD1DBFE374003D895B /* ExternalAccessory.framework */ = {isa = PBXFileReference; lastKnownFileType = wrapper.framework; name = ExternalAccessory.framework; path = System/Library/Frameworks/ExternalAccessory.framework; sourceTree = SDKROOT; };
		CC837B541E08341B00A14ECB /* KeychainItemAccessibility.swift */ = {isa = PBXFileReference; fileEncoding = 4; lastKnownFileType = sourcecode.swift; path = KeychainItemAccessibility.swift; sourceTree = "<group>"; };
		CC837B551E08341B00A14ECB /* KeychainWrapper.swift */ = {isa = PBXFileReference; fileEncoding = 4; lastKnownFileType = sourcecode.swift; path = KeychainWrapper.swift; sourceTree = "<group>"; };
		CC837B5C1E083B4B00A14ECB /* HALApi */ = {isa = PBXFileReference; lastKnownFileType = folder; name = HALApi; path = "Git Projects/HALApi"; sourceTree = "<group>"; };
		CC8872EC1DDE3A930042F089 /* HALApplication.swift */ = {isa = PBXFileReference; fileEncoding = 4; lastKnownFileType = sourcecode.swift; path = HALApplication.swift; sourceTree = "<group>"; };
		CC8872ED1DDE3A930042F089 /* main.swift */ = {isa = PBXFileReference; fileEncoding = 4; lastKnownFileType = sourcecode.swift; path = main.swift; sourceTree = "<group>"; };
		CCB404911D9D82C600A314FC /* Assembly.swift */ = {isa = PBXFileReference; fileEncoding = 4; lastKnownFileType = sourcecode.swift; path = Assembly.swift; sourceTree = "<group>"; };
		CCDDD15E1E1D828A00B2B6F1 /* logAnalyticsIncorrectData.json */ = {isa = PBXFileReference; fileEncoding = 4; lastKnownFileType = text.json; path = logAnalyticsIncorrectData.json; sourceTree = "<group>"; };
		CCE9D9BF1E00AD2200F0814B /* logAnalytics.json */ = {isa = PBXFileReference; fileEncoding = 4; lastKnownFileType = text.json; path = logAnalytics.json; sourceTree = "<group>"; };
		CCF7E0AA1DD395D1007C4010 /* SharedContainer.swift */ = {isa = PBXFileReference; fileEncoding = 4; lastKnownFileType = sourcecode.swift; path = SharedContainer.swift; sourceTree = "<group>"; };
/* End PBXFileReference section */

/* Begin PBXFrameworksBuildPhase section */
		CC25855A1D9AF71C00294506 /* Frameworks */ = {
			isa = PBXFrameworksBuildPhase;
			buildActionMask = 2147483647;
			files = (
				BC174CD21F02DDDB005FBA9A /* UIKit.framework in Frameworks */,
				BC174CD01F02DDD2005FBA9A /* SystemConfiguration.framework in Frameworks */,
				BC174CCE1F02DDCA005FBA9A /* Security.framework in Frameworks */,
				BC174CCC1F02DDC1005FBA9A /* libicucore.tbd in Frameworks */,
				BC174CCA1F02DDB0005FBA9A /* Foundation.framework in Frameworks */,
				BC174CC81F02DDA4005FBA9A /* CFNetwork.framework in Frameworks */,
				CC6EEEAE1DBFE374003D895B /* ExternalAccessory.framework in Frameworks */,
				BC174CD61F04254C005FBA9A /* libHeap.a in Frameworks */,
				BC484D9B1E854B820057610A /* CrashReporter.framework in Frameworks */,
				BCB0EBA81DDE667300E6A3F7 /* libdtdev.a in Frameworks */,
			);
			runOnlyForDeploymentPostprocessing = 0;
		};
		CC2585711D9AF71C00294506 /* Frameworks */ = {
			isa = PBXFrameworksBuildPhase;
			buildActionMask = 2147483647;
			files = (
			);
			runOnlyForDeploymentPostprocessing = 0;
		};
		CC25857C1D9AF71C00294506 /* Frameworks */ = {
			isa = PBXFrameworksBuildPhase;
			buildActionMask = 2147483647;
			files = (
			);
			runOnlyForDeploymentPostprocessing = 0;
		};
/* End PBXFrameworksBuildPhase section */

/* Begin PBXGroup section */
		BC174CD31F04251C005FBA9A /* Heap */ = {
			isa = PBXGroup;
			children = (
				BC174CD41F04254C005FBA9A /* Heap.h */,
				BC174CD51F04254C005FBA9A /* libHeap.a */,
			);
			name = Heap;
			sourceTree = "<group>";
		};
		BCB0EBA41DDE665600E6A3F7 /* sled */ = {
			isa = PBXGroup;
			children = (
				BCB0EBA51DDE666200E6A3F7 /* DTDevices.h */,
				BCB0EBA61DDE666C00E6A3F7 /* HAL-iOS-Bridging-Header.h */,
				BCB0EBA71DDE667300E6A3F7 /* libdtdev.a */,
			);
			name = sled;
			sourceTree = "<group>";
		};
		BCD698231DB7B91400F856CE /* Git Projects */ = {
			isa = PBXGroup;
			children = (
				CC837B5C1E083B4B00A14ECB /* HALApi */,
				CC14AF411DB56F93007208F7 /* sso */,
			);
			name = "Git Projects";
			sourceTree = "<group>";
		};
		BCD698241DB7B92E00F856CE /* Project Files */ = {
			isa = PBXGroup;
			children = (
				CC25856A1D9AF71C00294506 /* Assets.xcassets */,
				CC43DCB41DD39AD000CC4BD2 /* HAL-iOS.entitlements */,
				CC2585671D9AF71C00294506 /* HAL_iOS.xcdatamodeld */,
				BCD6982A1DB7C34600F856CE /* icons */,
				CC25856F1D9AF71C00294506 /* Info.plist */,
				BC7461E51E40E59400F4A359 /* Cobranding.png */,
				85CCB4131F22649C0088BD5D /* sampleBarcode.png */,
			);
			name = "Project Files";
			sourceTree = "<group>";
		};
		CC2585541D9AF71B00294506 = {
			isa = PBXGroup;
			children = (
				CC25855F1D9AF71C00294506 /* HAL-iOS */,
				CC2585771D9AF71C00294506 /* HAL-iOSTests */,
				CC2585821D9AF71C00294506 /* HAL-iOSUITests */,
				CC25855E1D9AF71C00294506 /* Products */,
				CC6EEEAC1DBFE374003D895B /* Frameworks */,
			);
			sourceTree = "<group>";
		};
		CC25855E1D9AF71C00294506 /* Products */ = {
			isa = PBXGroup;
			children = (
				CC25855D1D9AF71C00294506 /* HAL-iOS.app */,
				CC2585741D9AF71C00294506 /* HAL-iOSTests.xctest */,
				CC25857F1D9AF71C00294506 /* HAL-iOSUITests.xctest */,
			);
			name = Products;
			sourceTree = "<group>";
		};
		CC25855F1D9AF71C00294506 /* HAL-iOS */ = {
			isa = PBXGroup;
			children = (
				CC2585601D9AF71C00294506 /* AppDelegate.swift */,
				CCB404911D9D82C600A314FC /* Assembly.swift */,
				CC41EF251DB54D6B0059C7C5 /* AssociateInfo.swift */,
				CC41EF261DB54D6B0059C7C5 /* CommonUtils.swift */,
				BC25B5141F27B8BE0028E81F /* default.html */,
				858988BC1EAE208A00AF2024 /* DLog.swift */,
				CC41EF271DB54D6B0059C7C5 /* Error.swift */,
				CC21C0481E16A332006CD57B /* ESPRequest.swift */,
				85DDE7071EEB171500700EFC /* Certificates */,
				BCD698231DB7B91400F856CE /* Git Projects */,
				CC8872EC1DDE3A930042F089 /* HALApplication.swift */,
				CC41EF291DB54D6B0059C7C5 /* Json4Swift_Base.swift */,
				CC837B541E08341B00A14ECB /* KeychainItemAccessibility.swift */,
				CC837B551E08341B00A14ECB /* KeychainWrapper.swift */,
				CC25856C1D9AF71C00294506 /* LaunchScreen.storyboard */,
				BC534ABD1E01976300C65BAC /* logAnalytics.json */,
				BC22EE611E203A8300C3F597 /* LOCN.json */,
				BC22EE631E203D9600C3F597 /* Locn.swift */,
				BC534ABB1E018BD800C65BAC /* LogAnalyticsRequest.swift */,
				BC534AB91DFF17E200C65BAC /* LoggingRequest.swift */,
				8538E5651EF1809700F82E1D /* DataForwarder.swift */,
				CC8872ED1DDE3A930042F089 /* main.swift */,
				CC2585641D9AF71C00294506 /* Main.storyboard */,
				853DEFB11F2260B600BEDE1D /* PrinterViewController.swift */,
				BCD698241DB7B92E00F856CE /* Project Files */,
				CCF7E0AA1DD395D1007C4010 /* SharedContainer.swift */,
				BCB0EBA41DDE665600E6A3F7 /* sled */,
				CC50DB251DCA21AF00A46576 /* Sled.swift */,
				CC41EF2B1DB54D6B0059C7C5 /* SSORequest.swift */,
				CC41EF2D1DB54D6B0059C7C5 /* ssosuccess.json */,
				CCE9D9BF1E00AD2200F0814B /* logAnalytics.json */,
				CCDDD15E1E1D828A00B2B6F1 /* logAnalyticsIncorrectData.json */,
				CC41EF371DB54E070059C7C5 /* SwiftyJSON.swift */,
				BCE513551F1D0EA40060CAB8 /* Utils.swift */,
				CC2585621D9AF71C00294506 /* ViewController.swift */,
				BC534AB41DFF179200C65BAC /* ZebraBluetooth.swift */,
				BC534AB51DFF179200C65BAC /* ZPLConnector.h */,
				BC534AB61DFF179200C65BAC /* ZPLConnector.mm */,
			);
			path = "HAL-iOS";
			sourceTree = "<group>";
		};
		CC2585771D9AF71C00294506 /* HAL-iOSTests */ = {
			isa = PBXGroup;
			children = (
				CC2585781D9AF71C00294506 /* HAL_iOSTests.swift */,
				CC25857A1D9AF71C00294506 /* Info.plist */,
			);
			path = "HAL-iOSTests";
			sourceTree = "<group>";
		};
		CC2585821D9AF71C00294506 /* HAL-iOSUITests */ = {
			isa = PBXGroup;
			children = (
				CC2585831D9AF71C00294506 /* HAL_iOSUITests.swift */,
				CC2585851D9AF71C00294506 /* Info.plist */,
			);
			path = "HAL-iOSUITests";
			sourceTree = "<group>";
		};
		CC6EEEAC1DBFE374003D895B /* Frameworks */ = {
			isa = PBXGroup;
			children = (
				BC174CD11F02DDDB005FBA9A /* UIKit.framework */,
				BC174CCF1F02DDD2005FBA9A /* SystemConfiguration.framework */,
				BC174CCD1F02DDCA005FBA9A /* Security.framework */,
				BC174CCB1F02DDC1005FBA9A /* libicucore.tbd */,
				BC174CC91F02DDB0005FBA9A /* Foundation.framework */,
				BC174CC71F02DDA4005FBA9A /* CFNetwork.framework */,
				BC174CD31F04251C005FBA9A /* Heap */,
				BC484D9A1E854B820057610A /* CrashReporter.framework */,
				CC6EEEAD1DBFE374003D895B /* ExternalAccessory.framework */,
			);
			name = Frameworks;
			sourceTree = "<group>";
		};
/* End PBXGroup section */

/* Begin PBXNativeTarget section */
		CC25855C1D9AF71C00294506 /* HAL-iOS */ = {
			isa = PBXNativeTarget;
			buildConfigurationList = CC2585881D9AF71C00294506 /* Build configuration list for PBXNativeTarget "HAL-iOS" */;
			buildPhases = (
				CC2585591D9AF71C00294506 /* Sources */,
				CC25855A1D9AF71C00294506 /* Frameworks */,
				CC25855B1D9AF71C00294506 /* Resources */,
			);
			buildRules = (
			);
			dependencies = (
			);
			name = "HAL-iOS";
			productName = "HAL-iOS";
			productReference = CC25855D1D9AF71C00294506 /* HAL-iOS.app */;
			productType = "com.apple.product-type.application";
		};
		CC2585731D9AF71C00294506 /* HAL-iOSTests */ = {
			isa = PBXNativeTarget;
			buildConfigurationList = CC25858B1D9AF71C00294506 /* Build configuration list for PBXNativeTarget "HAL-iOSTests" */;
			buildPhases = (
				CC2585701D9AF71C00294506 /* Sources */,
				CC2585711D9AF71C00294506 /* Frameworks */,
				CC2585721D9AF71C00294506 /* Resources */,
			);
			buildRules = (
			);
			dependencies = (
				CC2585761D9AF71C00294506 /* PBXTargetDependency */,
			);
			name = "HAL-iOSTests";
			productName = "HAL-iOSTests";
			productReference = CC2585741D9AF71C00294506 /* HAL-iOSTests.xctest */;
			productType = "com.apple.product-type.bundle.unit-test";
		};
		CC25857E1D9AF71C00294506 /* HAL-iOSUITests */ = {
			isa = PBXNativeTarget;
			buildConfigurationList = CC25858E1D9AF71C00294506 /* Build configuration list for PBXNativeTarget "HAL-iOSUITests" */;
			buildPhases = (
				CC25857B1D9AF71C00294506 /* Sources */,
				CC25857C1D9AF71C00294506 /* Frameworks */,
				CC25857D1D9AF71C00294506 /* Resources */,
			);
			buildRules = (
			);
			dependencies = (
				CC2585811D9AF71C00294506 /* PBXTargetDependency */,
			);
			name = "HAL-iOSUITests";
			productName = "HAL-iOSUITests";
			productReference = CC25857F1D9AF71C00294506 /* HAL-iOSUITests.xctest */;
			productType = "com.apple.product-type.bundle.ui-testing";
		};
/* End PBXNativeTarget section */

/* Begin PBXProject section */
		CC2585551D9AF71B00294506 /* Project object */ = {
			isa = PBXProject;
			attributes = {
				LastSwiftUpdateCheck = 0800;
				LastUpgradeCheck = 0800;
				ORGANIZATIONNAME = macys;
				TargetAttributes = {
					CC25855C1D9AF71C00294506 = {
						CreatedOnToolsVersion = 8.0;
						DevelopmentTeam = 8AS67DFAXH;
						LastSwiftMigration = 0800;
						ProvisioningStyle = Automatic;
						SystemCapabilities = {
							com.apple.ApplicationGroups.iOS = {
								enabled = 1;
							};
						};
					};
					CC2585731D9AF71C00294506 = {
						CreatedOnToolsVersion = 8.0;
						DevelopmentTeam = 8AS67DFAXH;
						ProvisioningStyle = Automatic;
						TestTargetID = CC25855C1D9AF71C00294506;
					};
					CC25857E1D9AF71C00294506 = {
						CreatedOnToolsVersion = 8.0;
						DevelopmentTeam = 8AS67DFAXH;
						ProvisioningStyle = Automatic;
						TestTargetID = CC25855C1D9AF71C00294506;
					};
				};
			};
			buildConfigurationList = CC2585581D9AF71B00294506 /* Build configuration list for PBXProject "HAL-iOS" */;
			compatibilityVersion = "Xcode 3.2";
			developmentRegion = English;
			hasScannedForEncodings = 0;
			knownRegions = (
				en,
				Base,
			);
			mainGroup = CC2585541D9AF71B00294506;
			productRefGroup = CC25855E1D9AF71C00294506 /* Products */;
			projectDirPath = "";
			projectRoot = "";
			targets = (
				CC25855C1D9AF71C00294506 /* HAL-iOS */,
				CC2585731D9AF71C00294506 /* HAL-iOSTests */,
				CC25857E1D9AF71C00294506 /* HAL-iOSUITests */,
			);
		};
/* End PBXProject section */

/* Begin PBXResourcesBuildPhase section */
		CC25855B1D9AF71C00294506 /* Resources */ = {
			isa = PBXResourcesBuildPhase;
			buildActionMask = 2147483647;
			files = (
				BC25B5151F27B8BE0028E81F /* default.html in Resources */,
				85CCB4141F22649C0088BD5D /* sampleBarcode.png in Resources */,
				BC7461E71E40E5B700F4A359 /* Cobranding.png in Resources */,
				CC41EF361DB54D6B0059C7C5 /* ssosuccess.json in Resources */,
				CC25856E1D9AF71C00294506 /* LaunchScreen.storyboard in Resources */,
				CCE9D9C01E00AD2200F0814B /* logAnalytics.json in Resources */,
				CC14AF421DB56F93007208F7 /* sso in Resources */,
				BC534ABE1E01976300C65BAC /* logAnalytics.json in Resources */,
				CC25856B1D9AF71C00294506 /* Assets.xcassets in Resources */,
				BCD6982B1DB7C34600F856CE /* icons in Resources */,
				CC837B5D1E083B4B00A14ECB /* HALApi in Resources */,
				85DDE7081EEB171500700EFC /* Certificates in Resources */,
				BC22EE621E203A8300C3F597 /* LOCN.json in Resources */,
				CC2585661D9AF71C00294506 /* Main.storyboard in Resources */,
				CCDDD15F1E1D828A00B2B6F1 /* logAnalyticsIncorrectData.json in Resources */,
			);
			runOnlyForDeploymentPostprocessing = 0;
		};
		CC2585721D9AF71C00294506 /* Resources */ = {
			isa = PBXResourcesBuildPhase;
			buildActionMask = 2147483647;
			files = (
			);
			runOnlyForDeploymentPostprocessing = 0;
		};
		CC25857D1D9AF71C00294506 /* Resources */ = {
			isa = PBXResourcesBuildPhase;
			buildActionMask = 2147483647;
			files = (
			);
			runOnlyForDeploymentPostprocessing = 0;
		};
/* End PBXResourcesBuildPhase section */

/* Begin PBXSourcesBuildPhase section */
		CC2585591D9AF71C00294506 /* Sources */ = {
			isa = PBXSourcesBuildPhase;
			buildActionMask = 2147483647;
			files = (
				CC2585631D9AF71C00294506 /* ViewController.swift in Sources */,
				CCB404921D9D82C600A314FC /* Assembly.swift in Sources */,
				CC41EF341DB54D6B0059C7C5 /* SSORequest.swift in Sources */,
				CC837B571E08341B00A14ECB /* KeychainWrapper.swift in Sources */,
				8538E5661EF1809800F82E1D /* DataForwarder.swift in Sources */,
				853DEFB21F2260B600BEDE1D /* PrinterViewController.swift in Sources */,
				BCE513561F1D0EA40060CAB8 /* Utils.swift in Sources */,
				CC50DB261DCA21AF00A46576 /* Sled.swift in Sources */,
				CC41EF321DB54D6B0059C7C5 /* Json4Swift_Base.swift in Sources */,
				858988BD1EAE208A00AF2024 /* DLog.swift in Sources */,
				CC41EF2E1DB54D6B0059C7C5 /* AssociateInfo.swift in Sources */,
				CC2585611D9AF71C00294506 /* AppDelegate.swift in Sources */,
				CC41EF2F1DB54D6B0059C7C5 /* CommonUtils.swift in Sources */,
				CC8872EE1DDE3A930042F089 /* HALApplication.swift in Sources */,
				BC22EE641E203D9600C3F597 /* Locn.swift in Sources */,
				BC534AB71DFF179200C65BAC /* ZebraBluetooth.swift in Sources */,
				CC41EF301DB54D6B0059C7C5 /* Error.swift in Sources */,
				CC2585691D9AF71C00294506 /* HAL_iOS.xcdatamodeld in Sources */,
				BC534AB81DFF179200C65BAC /* ZPLConnector.mm in Sources */,
				CC837B561E08341B00A14ECB /* KeychainItemAccessibility.swift in Sources */,
				CC8872EF1DDE3A930042F089 /* main.swift in Sources */,
				CC21C0491E16A332006CD57B /* ESPRequest.swift in Sources */,
				BC534ABC1E018BD800C65BAC /* LogAnalyticsRequest.swift in Sources */,
				CC41EF381DB54E070059C7C5 /* SwiftyJSON.swift in Sources */,
				CCF7E0AB1DD395D1007C4010 /* SharedContainer.swift in Sources */,
				BC534ABA1DFF17E200C65BAC /* LoggingRequest.swift in Sources */,
			);
			runOnlyForDeploymentPostprocessing = 0;
		};
		CC2585701D9AF71C00294506 /* Sources */ = {
			isa = PBXSourcesBuildPhase;
			buildActionMask = 2147483647;
			files = (
				CC2585791D9AF71C00294506 /* HAL_iOSTests.swift in Sources */,
			);
			runOnlyForDeploymentPostprocessing = 0;
		};
		CC25857B1D9AF71C00294506 /* Sources */ = {
			isa = PBXSourcesBuildPhase;
			buildActionMask = 2147483647;
			files = (
				CC2585841D9AF71C00294506 /* HAL_iOSUITests.swift in Sources */,
			);
			runOnlyForDeploymentPostprocessing = 0;
		};
/* End PBXSourcesBuildPhase section */

/* Begin PBXTargetDependency section */
		CC2585761D9AF71C00294506 /* PBXTargetDependency */ = {
			isa = PBXTargetDependency;
			target = CC25855C1D9AF71C00294506 /* HAL-iOS */;
			targetProxy = CC2585751D9AF71C00294506 /* PBXContainerItemProxy */;
		};
		CC2585811D9AF71C00294506 /* PBXTargetDependency */ = {
			isa = PBXTargetDependency;
			target = CC25855C1D9AF71C00294506 /* HAL-iOS */;
			targetProxy = CC2585801D9AF71C00294506 /* PBXContainerItemProxy */;
		};
/* End PBXTargetDependency section */

/* Begin PBXVariantGroup section */
		CC2585641D9AF71C00294506 /* Main.storyboard */ = {
			isa = PBXVariantGroup;
			children = (
				CC2585651D9AF71C00294506 /* Base */,
			);
			name = Main.storyboard;
			sourceTree = "<group>";
		};
		CC25856C1D9AF71C00294506 /* LaunchScreen.storyboard */ = {
			isa = PBXVariantGroup;
			children = (
				CC25856D1D9AF71C00294506 /* Base */,
			);
			name = LaunchScreen.storyboard;
			sourceTree = "<group>";
		};
/* End PBXVariantGroup section */

/* Begin XCBuildConfiguration section */
		CC2585861D9AF71C00294506 /* Debug */ = {
			isa = XCBuildConfiguration;
			buildSettings = {
				ALWAYS_SEARCH_USER_PATHS = NO;
				CLANG_ANALYZER_NONNULL = YES;
				CLANG_CXX_LANGUAGE_STANDARD = "gnu++0x";
				CLANG_CXX_LIBRARY = "libc++";
				CLANG_ENABLE_MODULES = YES;
				CLANG_ENABLE_OBJC_ARC = YES;
				CLANG_WARN_BOOL_CONVERSION = YES;
				CLANG_WARN_CONSTANT_CONVERSION = YES;
				CLANG_WARN_DIRECT_OBJC_ISA_USAGE = YES_ERROR;
				CLANG_WARN_DOCUMENTATION_COMMENTS = YES;
				CLANG_WARN_EMPTY_BODY = YES;
				CLANG_WARN_ENUM_CONVERSION = YES;
				CLANG_WARN_INFINITE_RECURSION = YES;
				CLANG_WARN_INT_CONVERSION = YES;
				CLANG_WARN_OBJC_ROOT_CLASS = YES_ERROR;
				CLANG_WARN_SUSPICIOUS_MOVES = YES;
				CLANG_WARN_UNREACHABLE_CODE = YES;
				CLANG_WARN__DUPLICATE_METHOD_MATCH = YES;
				"CODE_SIGN_IDENTITY[sdk=iphoneos*]" = "iPhone Developer";
				COPY_PHASE_STRIP = NO;
				DEBUG_INFORMATION_FORMAT = dwarf;
				ENABLE_STRICT_OBJC_MSGSEND = YES;
				ENABLE_TESTABILITY = YES;
				GCC_C_LANGUAGE_STANDARD = gnu99;
				GCC_DYNAMIC_NO_PIC = NO;
				GCC_NO_COMMON_BLOCKS = YES;
				GCC_OPTIMIZATION_LEVEL = 0;
				GCC_PREPROCESSOR_DEFINITIONS = (
					"DEBUG=1",
					"$(inherited)",
				);
				GCC_WARN_64_TO_32_BIT_CONVERSION = YES;
				GCC_WARN_ABOUT_RETURN_TYPE = YES_ERROR;
				GCC_WARN_UNDECLARED_SELECTOR = YES;
				GCC_WARN_UNINITIALIZED_AUTOS = YES_AGGRESSIVE;
				GCC_WARN_UNUSED_FUNCTION = YES;
				GCC_WARN_UNUSED_VARIABLE = YES;
				IPHONEOS_DEPLOYMENT_TARGET = 10.0;
				MTL_ENABLE_DEBUG_INFO = YES;
				ONLY_ACTIVE_ARCH = YES;
				SDKROOT = iphoneos;
				SWIFT_ACTIVE_COMPILATION_CONDITIONS = DEBUG;
				SWIFT_OPTIMIZATION_LEVEL = "-Onone";
				SWIFT_VERSION = "";
				TARGETED_DEVICE_FAMILY = "1,2";
			};
			name = Debug;
		};
		CC2585871D9AF71C00294506 /* Release */ = {
			isa = XCBuildConfiguration;
			buildSettings = {
				ALWAYS_SEARCH_USER_PATHS = NO;
				CLANG_ANALYZER_NONNULL = YES;
				CLANG_CXX_LANGUAGE_STANDARD = "gnu++0x";
				CLANG_CXX_LIBRARY = "libc++";
				CLANG_ENABLE_MODULES = YES;
				CLANG_ENABLE_OBJC_ARC = YES;
				CLANG_WARN_BOOL_CONVERSION = YES;
				CLANG_WARN_CONSTANT_CONVERSION = YES;
				CLANG_WARN_DIRECT_OBJC_ISA_USAGE = YES_ERROR;
				CLANG_WARN_DOCUMENTATION_COMMENTS = YES;
				CLANG_WARN_EMPTY_BODY = YES;
				CLANG_WARN_ENUM_CONVERSION = YES;
				CLANG_WARN_INFINITE_RECURSION = YES;
				CLANG_WARN_INT_CONVERSION = YES;
				CLANG_WARN_OBJC_ROOT_CLASS = YES_ERROR;
				CLANG_WARN_SUSPICIOUS_MOVES = YES;
				CLANG_WARN_UNREACHABLE_CODE = YES;
				CLANG_WARN__DUPLICATE_METHOD_MATCH = YES;
				"CODE_SIGN_IDENTITY[sdk=iphoneos*]" = "iPhone Developer";
				COPY_PHASE_STRIP = NO;
				DEBUG_INFORMATION_FORMAT = "dwarf-with-dsym";
				ENABLE_NS_ASSERTIONS = NO;
				ENABLE_STRICT_OBJC_MSGSEND = YES;
				GCC_C_LANGUAGE_STANDARD = gnu99;
				GCC_NO_COMMON_BLOCKS = YES;
				GCC_WARN_64_TO_32_BIT_CONVERSION = YES;
				GCC_WARN_ABOUT_RETURN_TYPE = YES_ERROR;
				GCC_WARN_UNDECLARED_SELECTOR = YES;
				GCC_WARN_UNINITIALIZED_AUTOS = YES_AGGRESSIVE;
				GCC_WARN_UNUSED_FUNCTION = YES;
				GCC_WARN_UNUSED_VARIABLE = YES;
				IPHONEOS_DEPLOYMENT_TARGET = 10.0;
				MTL_ENABLE_DEBUG_INFO = NO;
				SDKROOT = iphoneos;
				SWIFT_OPTIMIZATION_LEVEL = "-Owholemodule";
				SWIFT_VERSION = "";
				TARGETED_DEVICE_FAMILY = "1,2";
				VALIDATE_PRODUCT = YES;
			};
			name = Release;
		};
		CC2585891D9AF71C00294506 /* Debug */ = {
			isa = XCBuildConfiguration;
			buildSettings = {
				ASSETCATALOG_COMPILER_APPICON_NAME = AppIcon;
				CLANG_ENABLE_MODULES = YES;
				CODE_SIGN_ENTITLEMENTS = "HAL-iOS/HAL-iOS.entitlements";
				CODE_SIGN_IDENTITY = "iPhone Developer";
				"CODE_SIGN_IDENTITY[sdk=iphoneos*]" = "iPhone Developer";
				DEVELOPMENT_TEAM = 8AS67DFAXH;
				ENABLE_BITCODE = NO;
				FRAMEWORK_SEARCH_PATHS = (
					"$(inherited)",
					"$(PROJECT_DIR)/HAL-iOS",
				);
				HEADER_SEARCH_PATHS = "$(PROJECT_DIR)/HAL-iOS/CrashReporter.framework/Headers";
				INFOPLIST_FILE = "HAL-iOS/Info.plist";
				IPHONEOS_DEPLOYMENT_TARGET = 9.3;
				LD_RUNPATH_SEARCH_PATHS = "$(inherited) @executable_path/Frameworks";
				LIBRARY_SEARCH_PATHS = (
					"$(inherited)",
					"$(SRCROOT)/HAL-iOS/sled/**",
					"$(PROJECT_DIR)/HAL-iOS/sled",
					"$(PROJECT_DIR)/HAL-iOS/Heap",
				);
				OTHER_LDFLAGS = (
					"-all_load",
					"-ObjC",
				);
				OTHER_SWIFT_FLAGS = "-D DEBUG";
				PRODUCT_BUNDLE_IDENTIFIER = com.macys.mst.hal;
				PRODUCT_NAME = "$(TARGET_NAME)";
				PROVISIONING_PROFILE = "";
				PROVISIONING_PROFILE_SPECIFIER = "";
				SWIFT_OBJC_BRIDGING_HEADER = "HAL-iOS/sled/HAL-iOS-Bridging-Header.h";
				SWIFT_OPTIMIZATION_LEVEL = "-Onone";
				SWIFT_VERSION = 3.0;
				TARGETED_DEVICE_FAMILY = "1,2";
			};
			name = Debug;
		};
		CC25858A1D9AF71C00294506 /* Release */ = {
			isa = XCBuildConfiguration;
			buildSettings = {
				ASSETCATALOG_COMPILER_APPICON_NAME = AppIcon;
				CLANG_ENABLE_MODULES = YES;
				CODE_SIGN_ENTITLEMENTS = "HAL-iOS/HAL-iOS.entitlements";
				CODE_SIGN_IDENTITY = "iPhone Distribution";
				"CODE_SIGN_IDENTITY[sdk=iphoneos*]" = "iPhone Developer";
				DEVELOPMENT_TEAM = 8AS67DFAXH;
				ENABLE_BITCODE = NO;
				FRAMEWORK_SEARCH_PATHS = (
					"$(inherited)",
					"$(PROJECT_DIR)/HAL-iOS",
				);
				HEADER_SEARCH_PATHS = "$(PROJECT_DIR)/HAL-iOS/CrashReporter.framework/Headers";
				INFOPLIST_FILE = "HAL-iOS/Info.plist";
				IPHONEOS_DEPLOYMENT_TARGET = 9.3;
				LD_RUNPATH_SEARCH_PATHS = "$(inherited) @executable_path/Frameworks";
				LIBRARY_SEARCH_PATHS = (
					"$(inherited)",
					"$(SRCROOT)/HAL-iOS/sled/**",
					"$(PROJECT_DIR)/HAL-iOS/sled",
					"$(PROJECT_DIR)/HAL-iOS/Heap",
				);
				OTHER_LDFLAGS = (
					"-all_load",
					"-ObjC",
				);
				OTHER_SWIFT_FLAGS = "-D RELEASE";
				PRODUCT_BUNDLE_IDENTIFIER = com.macys.mst.hal;
				PRODUCT_NAME = "$(TARGET_NAME)";
				PROVISIONING_PROFILE = "";
				PROVISIONING_PROFILE_SPECIFIER = "";
				SWIFT_OBJC_BRIDGING_HEADER = "HAL-iOS/sled/HAL-iOS-Bridging-Header.h";
				SWIFT_VERSION = 3.0;
				TARGETED_DEVICE_FAMILY = "1,2";
			};
			name = Release;
		};
		CC25858C1D9AF71C00294506 /* Debug */ = {
			isa = XCBuildConfiguration;
			buildSettings = {
				ALWAYS_EMBED_SWIFT_STANDARD_LIBRARIES = YES;
				BUNDLE_LOADER = "$(TEST_HOST)";
				DEVELOPMENT_TEAM = 8AS67DFAXH;
				INFOPLIST_FILE = "HAL-iOSTests/Info.plist";
				LD_RUNPATH_SEARCH_PATHS = "$(inherited) @executable_path/Frameworks @loader_path/Frameworks";
				PRODUCT_BUNDLE_IDENTIFIER = "sdf.HAL-iOSTests";
				PRODUCT_NAME = "$(TARGET_NAME)";
				SWIFT_VERSION = 3.0;
				TEST_HOST = "$(BUILT_PRODUCTS_DIR)/HAL-iOS.app/HAL-iOS";
			};
			name = Debug;
		};
		CC25858D1D9AF71C00294506 /* Release */ = {
			isa = XCBuildConfiguration;
			buildSettings = {
				ALWAYS_EMBED_SWIFT_STANDARD_LIBRARIES = YES;
				BUNDLE_LOADER = "$(TEST_HOST)";
				DEVELOPMENT_TEAM = 8AS67DFAXH;
				INFOPLIST_FILE = "HAL-iOSTests/Info.plist";
				LD_RUNPATH_SEARCH_PATHS = "$(inherited) @executable_path/Frameworks @loader_path/Frameworks";
				PRODUCT_BUNDLE_IDENTIFIER = "sdf.HAL-iOSTests";
				PRODUCT_NAME = "$(TARGET_NAME)";
				SWIFT_VERSION = 3.0;
				TEST_HOST = "$(BUILT_PRODUCTS_DIR)/HAL-iOS.app/HAL-iOS";
			};
			name = Release;
		};
		CC25858F1D9AF71C00294506 /* Debug */ = {
			isa = XCBuildConfiguration;
			buildSettings = {
				ALWAYS_EMBED_SWIFT_STANDARD_LIBRARIES = YES;
				DEVELOPMENT_TEAM = 8AS67DFAXH;
				INFOPLIST_FILE = "HAL-iOSUITests/Info.plist";
				LD_RUNPATH_SEARCH_PATHS = "$(inherited) @executable_path/Frameworks @loader_path/Frameworks";
				PRODUCT_BUNDLE_IDENTIFIER = "sdf.HAL-iOSUITests";
				PRODUCT_NAME = "$(TARGET_NAME)";
				SWIFT_VERSION = 3.0;
				TEST_TARGET_NAME = "HAL-iOS";
			};
			name = Debug;
		};
		CC2585901D9AF71C00294506 /* Release */ = {
			isa = XCBuildConfiguration;
			buildSettings = {
				ALWAYS_EMBED_SWIFT_STANDARD_LIBRARIES = YES;
				DEVELOPMENT_TEAM = 8AS67DFAXH;
				INFOPLIST_FILE = "HAL-iOSUITests/Info.plist";
				LD_RUNPATH_SEARCH_PATHS = "$(inherited) @executable_path/Frameworks @loader_path/Frameworks";
				PRODUCT_BUNDLE_IDENTIFIER = "sdf.HAL-iOSUITests";
				PRODUCT_NAME = "$(TARGET_NAME)";
				SWIFT_VERSION = 3.0;
				TEST_TARGET_NAME = "HAL-iOS";
			};
			name = Release;
		};
/* End XCBuildConfiguration section */

/* Begin XCConfigurationList section */
		CC2585581D9AF71B00294506 /* Build configuration list for PBXProject "HAL-iOS" */ = {
			isa = XCConfigurationList;
			buildConfigurations = (
				CC2585861D9AF71C00294506 /* Debug */,
				CC2585871D9AF71C00294506 /* Release */,
			);
			defaultConfigurationIsVisible = 0;
			defaultConfigurationName = Release;
		};
		CC2585881D9AF71C00294506 /* Build configuration list for PBXNativeTarget "HAL-iOS" */ = {
			isa = XCConfigurationList;
			buildConfigurations = (
				CC2585891D9AF71C00294506 /* Debug */,
				CC25858A1D9AF71C00294506 /* Release */,
			);
			defaultConfigurationIsVisible = 0;
			defaultConfigurationName = Release;
		};
		CC25858B1D9AF71C00294506 /* Build configuration list for PBXNativeTarget "HAL-iOSTests" */ = {
			isa = XCConfigurationList;
			buildConfigurations = (
				CC25858C1D9AF71C00294506 /* Debug */,
				CC25858D1D9AF71C00294506 /* Release */,
			);
			defaultConfigurationIsVisible = 0;
			defaultConfigurationName = Release;
		};
		CC25858E1D9AF71C00294506 /* Build configuration list for PBXNativeTarget "HAL-iOSUITests" */ = {
			isa = XCConfigurationList;
			buildConfigurations = (
				CC25858F1D9AF71C00294506 /* Debug */,
				CC2585901D9AF71C00294506 /* Release */,
			);
			defaultConfigurationIsVisible = 0;
			defaultConfigurationName = Release;
		};
/* End XCConfigurationList section */

/* Begin XCVersionGroup section */
		CC2585671D9AF71C00294506 /* HAL_iOS.xcdatamodeld */ = {
			isa = XCVersionGroup;
			children = (
				CC2585681D9AF71C00294506 /* HAL_iOS.xcdatamodel */,
			);
			currentVersion = CC2585681D9AF71C00294506 /* HAL_iOS.xcdatamodel */;
			path = HAL_iOS.xcdatamodeld;
			sourceTree = "<group>";
			versionGroupType = wrapper.xcdatamodel;
		};
/* End XCVersionGroup section */
	};
	rootObject = CC2585551D9AF71B00294506 /* Project object */;
}
